
Microsoft Visual Studio Solution File, Format Version 12.00
# Visual Studio 15
Project("{FAE04EC0-301F-11D3-BF4B-00C04F79EFBC}") = "Assembly-CSharp-Editor", "Assembly-CSharp-Editor.csproj", "{1C277E70-E9A4-40E5-953A-66CE02F715CD}"
EndProject
Project("{FAE04EC0-301F-11D3-BF4B-00C04F79EFBC}") = "Assembly-CSharp", "Assembly-CSharp.csproj", "{9EF464DB-7A8D-7634-E532-AC2DD3335434}"
EndProject
Global
	GlobalSection(SolutionConfigurationPlatforms) = preSolution
		Debug|Any CPU = Debug|Any CPU
		Release|Any CPU = Release|Any CPU
	EndGlobalSection
	GlobalSection(ProjectConfigurationPlatforms) = postSolution
		{1C277E70-E9A4-40E5-953A-66CE02F715CD}.Debug|Any CPU.ActiveCfg = Debug|Any CPU
		{1C277E70-E9A4-40E5-953A-66CE02F715CD}.Debug|Any CPU.Build.0 = Debug|Any CPU
		{1C277E70-E9A4-40E5-953A-66CE02F715CD}.Release|Any CPU.ActiveCfg = Release|Any CPU
		{1C277E70-E9A4-40E5-953A-66CE02F715CD}.Release|Any CPU.Build.0 = Release|Any CPU
		{9EF464DB-7A8D-7634-E532-AC2DD3335434}.Debug|Any CPU.ActiveCfg = Debug|Any CPU
		{9EF464DB-7A8D-7634-E532-AC2DD3335434}.Debug|Any CPU.Build.0 = Debug|Any CPU
		{9EF464DB-7A8D-7634-E532-AC2DD3335434}.Release|Any CPU.ActiveCfg = Release|Any CPU
		{9EF464DB-7A8D-7634-E532-AC2DD3335434}.Release|Any CPU.Build.0 = Release|Any CPU
	EndGlobalSection
	GlobalSection(SolutionProperties) = preSolution
		HideSolutionNode = FALSE
	EndGlobalSection
EndGlobal
